// !$*UTF8*$!
{
	archiveVersion = 1;
	classes = {
	};
	objectVersion = 48;
	objects = {

/* Begin PBXBuildFile section */
		7C53EF4F201F7A690075890E /* TableViewController.swift in Sources */ = {isa = PBXBuildFile; fileRef = 7C53EF4E201F7A690075890E /* TableViewController.swift */; };
		7C53EF51201F7A850075890E /* TextFieldCell.swift in Sources */ = {isa = PBXBuildFile; fileRef = 7C53EF50201F7A850075890E /* TextFieldCell.swift */; };
		7CA7A6A9201D2D15002FD479 /* TextFieldManager.swift in Sources */ = {isa = PBXBuildFile; fileRef = 7CA7A6A8201D2D15002FD479 /* TextFieldManager.swift */; };
		7CF1672C201BAE5900D71FDE /* AppDelegate.swift in Sources */ = {isa = PBXBuildFile; fileRef = 7CF1672B201BAE5900D71FDE /* AppDelegate.swift */; };
		7CF1672E201BAE5900D71FDE /* ViewController.swift in Sources */ = {isa = PBXBuildFile; fileRef = 7CF1672D201BAE5900D71FDE /* ViewController.swift */; };
		7CF16731201BAE5900D71FDE /* Main.storyboard in Resources */ = {isa = PBXBuildFile; fileRef = 7CF1672F201BAE5900D71FDE /* Main.storyboard */; };
		7CF16733201BAE5900D71FDE /* Assets.xcassets in Resources */ = {isa = PBXBuildFile; fileRef = 7CF16732201BAE5900D71FDE /* Assets.xcassets */; };
		7CF16736201BAE5900D71FDE /* LaunchScreen.storyboard in Resources */ = {isa = PBXBuildFile; fileRef = 7CF16734201BAE5900D71FDE /* LaunchScreen.storyboard */; };
/* End PBXBuildFile section */

/* Begin PBXFileReference section */
		7C53EF4E201F7A690075890E /* TableViewController.swift */ = {isa = PBXFileReference; lastKnownFileType = sourcecode.swift; path = TableViewController.swift; sourceTree = "<group>"; };
		7C53EF50201F7A850075890E /* TextFieldCell.swift */ = {isa = PBXFileReference; lastKnownFileType = sourcecode.swift; path = TextFieldCell.swift; sourceTree = "<group>"; };
		7CA7A6A8201D2D15002FD479 /* TextFieldManager.swift */ = {isa = PBXFileReference; lastKnownFileType = sourcecode.swift; path = TextFieldManager.swift; sourceTree = "<group>"; };
		7CF16728201BAE5900D71FDE /* PlayingWithTextFields.app */ = {isa = PBXFileReference; explicitFileType = wrapper.application; includeInIndex = 0; path = PlayingWithTextFields.app; sourceTree = BUILT_PRODUCTS_DIR; };
		7CF1672B201BAE5900D71FDE /* AppDelegate.swift */ = {isa = PBXFileReference; lastKnownFileType = sourcecode.swift; path = AppDelegate.swift; sourceTree = "<group>"; };
		7CF1672D201BAE5900D71FDE /* ViewController.swift */ = {isa = PBXFileReference; lastKnownFileType = sourcecode.swift; path = ViewController.swift; sourceTree = "<group>"; };
		7CF16730201BAE5900D71FDE /* Base */ = {isa = PBXFileReference; lastKnownFileType = file.storyboard; name = Base; path = Base.lproj/Main.storyboard; sourceTree = "<group>"; };
		7CF16732201BAE5900D71FDE /* Assets.xcassets */ = {isa = PBXFileReference; lastKnownFileType = folder.assetcatalog; path = Assets.xcassets; sourceTree = "<group>"; };
		7CF16735201BAE5900D71FDE /* Base */ = {isa = PBXFileReference; lastKnownFileType = file.storyboard; name = Base; path = Base.lproj/LaunchScreen.storyboard; sourceTree = "<group>"; };
		7CF16737201BAE5900D71FDE /* Info.plist */ = {isa = PBXFileReference; lastKnownFileType = text.plist.xml; path = Info.plist; sourceTree = "<group>"; };
/* End PBXFileReference section */

/* Begin PBXFrameworksBuildPhase section */
		7CF16725201BAE5900D71FDE /* Frameworks */ = {
			isa = PBXFrameworksBuildPhase;
			buildActionMask = 2147483647;
			files = (
			);
			runOnlyForDeploymentPostprocessing = 0;
		};
/* End PBXFrameworksBuildPhase section */

/* Begin PBXGroup section */
		7CF1671F201BAE5900D71FDE = {
			isa = PBXGroup;
			children = (
				7CF1672A201BAE5900D71FDE /* PlayingWithTextFields */,
				7CF16729201BAE5900D71FDE /* Products */,
			);
			sourceTree = "<group>";
		};
		7CF16729201BAE5900D71FDE /* Products */ = {
			isa = PBXGroup;
			children = (
				7CF16728201BAE5900D71FDE /* PlayingWithTextFields.app */,
			);
			name = Products;
			sourceTree = "<group>";
		};
		7CF1672A201BAE5900D71FDE /* PlayingWithTextFields */ = {
			isa = PBXGroup;
			children = (
				7CF1672B201BAE5900D71FDE /* AppDelegate.swift */,
				7CF1672D201BAE5900D71FDE /* ViewController.swift */,
				7CA7A6A8201D2D15002FD479 /* TextFieldManager.swift */,
				7C53EF4E201F7A690075890E /* TableViewController.swift */,
				7C53EF50201F7A850075890E /* TextFieldCell.swift */,
				7CF1672F201BAE5900D71FDE /* Main.storyboard */,
				7CF16732201BAE5900D71FDE /* Assets.xcassets */,
				7CF16734201BAE5900D71FDE /* LaunchScreen.storyboard */,
				7CF16737201BAE5900D71FDE /* Info.plist */,
			);
			path = PlayingWithTextFields;
			sourceTree = "<group>";
		};
/* End PBXGroup section */

/* Begin PBXNativeTarget section */
		7CF16727201BAE5900D71FDE /* PlayingWithTextFields */ = {
			isa = PBXNativeTarget;
			buildConfigurationList = 7CF1673A201BAE5900D71FDE /* Build configuration list for PBXNativeTarget "PlayingWithTextFields" */;
			buildPhases = (
				7CF16724201BAE5900D71FDE /* Sources */,
				7CF16725201BAE5900D71FDE /* Frameworks */,
				7CF16726201BAE5900D71FDE /* Resources */,
			);
			buildRules = (
			);
			dependencies = (
			);
			name = PlayingWithTextFields;
			productName = PlayingWithTextFields;
			productReference = 7CF16728201BAE5900D71FDE /* PlayingWithTextFields.app */;
			productType = "com.apple.product-type.application";
		};
/* End PBXNativeTarget section */

/* Begin PBXProject section */
		7CF16720201BAE5900D71FDE /* Project object */ = {
			isa = PBXProject;
			attributes = {
				LastSwiftUpdateCheck = 0920;
				LastUpgradeCheck = 0920;
				ORGANIZATIONNAME = "Michael Vilabrera";
				TargetAttributes = {
					7CF16727201BAE5900D71FDE = {
						CreatedOnToolsVersion = 9.2;
						ProvisioningStyle = Automatic;
					};
				};
			};
			buildConfigurationList = 7CF16723201BAE5900D71FDE /* Build configuration list for PBXProject "PlayingWithTextFields" */;
			compatibilityVersion = "Xcode 8.0";
			developmentRegion = en;
			hasScannedForEncodings = 0;
			knownRegions = (
				en,
				Base,
			);
			mainGroup = 7CF1671F201BAE5900D71FDE;
			productRefGroup = 7CF16729201BAE5900D71FDE /* Products */;
			projectDirPath = "";
			projectRoot = "";
			targets = (
				7CF16727201BAE5900D71FDE /* PlayingWithTextFields */,
			);
		};
/* End PBXProject section */

/* Begin PBXResourcesBuildPhase section */
		7CF16726201BAE5900D71FDE /* Resources */ = {
			isa = PBXResourcesBuildPhase;
			buildActionMask = 2147483647;
			files = (
				7CF16736201BAE5900D71FDE /* LaunchScreen.storyboard in Resources */,
				7CF16733201BAE5900D71FDE /* Assets.xcassets in Resources */,
				7CF16731201BAE5900D71FDE /* Main.storyboard in Resources */,
			);
			runOnlyForDeploymentPostprocessing = 0;
		};
/* End PBXResourcesBuildPhase section */

/* Begin PBXSourcesBuildPhase section */
		7CF16724201BAE5900D71FDE /* Sources */ = {
			isa = PBXSourcesBuildPhase;
			buildActionMask = 2147483647;
			files = (
				7CF1672E201BAE5900D71FDE /* ViewController.swift in Sources */,
				7CF1672C201BAE5900D71FDE /* AppDelegate.swift in Sources */,
				7CA7A6A9201D2D15002FD479 /* TextFieldManager.swift in Sources */,
				7C53EF4F201F7A690075890E /* TableViewController.swift in Sources */,
				7C53EF51201F7A850075890E /* TextFieldCell.swift in Sources */,
			);
			runOnlyForDeploymentPostprocessing = 0;
		};
/* End PBXSourcesBuildPhase section */

/* Begin PBXVariantGroup section */
		7CF1672F201BAE5900D71FDE /* Main.storyboard */ = {
			isa = PBXVariantGroup;
			children = (
				7CF16730201BAE5900D71FDE /* Base */,
			);
			name = Main.storyboard;
			sourceTree = "<group>";
		};
		7CF16734201BAE5900D71FDE /* LaunchScreen.storyboard */ = {
			isa = PBXVariantGroup;
			children = (
				7CF16735201BAE5900D71FDE /* Base */,
			);
			name = LaunchScreen.storyboard;
			sourceTree = "<group>";
		};
/* End PBXVariantGroup section */

/* Begin XCBuildConfiguration section */
		7CF16738201BAE5900D71FDE /* Debug */ = {
			isa = XCBuildConfiguration;
			buildSettings = {
				ALWAYS_SEARCH_USER_PATHS = NO;
				CLANG_ANALYZER_NONNULL = YES;
				CLANG_ANALYZER_NUMBER_OBJECT_CONVERSION = YES_AGGRESSIVE;
				CLANG_CXX_LANGUAGE_STANDARD = "gnu++14";
				CLANG_CXX_LIBRARY = "libc++";
				CLANG_ENABLE_MODULES = YES;
				CLANG_ENABLE_OBJC_ARC = YES;
				CLANG_WARN_BLOCK_CAPTURE_AUTORELEASING = YES;
				CLANG_WARN_BOOL_CONVERSION = YES;
				CLANG_WARN_COMMA = YES;
				CLANG_WARN_CONSTANT_CONVERSION = YES;
				CLANG_WARN_DIRECT_OBJC_ISA_USAGE = YES_ERROR;
				CLANG_WARN_DOCUMENTATION_COMMENTS = YES;
				CLANG_WARN_EMPTY_BODY = YES;
				CLANG_WARN_ENUM_CONVERSION = YES;
				CLANG_WARN_INFINITE_RECURSION = YES;
				CLANG_WARN_INT_CONVERSION = YES;
				CLANG_WARN_NON_LITERAL_NULL_CONVERSION = YES;
				CLANG_WARN_OBJC_LITERAL_CONVERSION = YES;
				CLANG_WARN_OBJC_ROOT_CLASS = YES_ERROR;
				CLANG_WARN_RANGE_LOOP_ANALYSIS = YES;
				CLANG_WARN_STRICT_PROTOTYPES = YES;
				CLANG_WARN_SUSPICIOUS_MOVE = YES;
				CLANG_WARN_UNGUARDED_AVAILABILITY = YES_AGGRESSIVE;
				CLANG_WARN_UNREACHABLE_CODE = YES;
				CLANG_WARN__DUPLICATE_METHOD_MATCH = YES;
				CODE_SIGN_IDENTITY = "iPhone Developer";
				COPY_PHASE_STRIP = NO;
				DEBUG_INFORMATION_FORMAT = dwarf;
				ENABLE_STRICT_OBJC_MSGSEND = YES;
				ENABLE_TESTABILITY = YES;
				GCC_C_LANGUAGE_STANDARD = gnu11;
				GCC_DYNAMIC_NO_PIC = NO;
				GCC_NO_COMMON_BLOCKS = YES;
				GCC_OPTIMIZATION_LEVEL = 0;
				GCC_PREPROCESSOR_DEFINITIONS = (
					"DEBUG=1",
					"$(inherited)",
				);
				GCC_WARN_64_TO_32_BIT_CONVERSION = YES;
				GCC_WARN_ABOUT_RETURN_TYPE = YES_ERROR;
				GCC_WARN_UNDECLARED_SELECTOR = YES;
				GCC_WARN_UNINITIALIZED_AUTOS = YES_AGGRESSIVE;
				GCC_WARN_UNUSED_FUNCTION = YES;
				GCC_WARN_UNUSED_VARIABLE = YES;
				IPHONEOS_DEPLOYMENT_TARGET = 11.2;
				MTL_ENABLE_DEBUG_INFO = YES;
				ONLY_ACTIVE_ARCH = YES;
				SDKROOT = iphoneos;
				SWIFT_ACTIVE_COMPILATION_CONDITIONS = DEBUG;
				SWIFT_OPTIMIZATION_LEVEL = "-Onone";
			};
			name = Debug;
		};
		7CF16739201BAE5900D71FDE /* Release */ = {
			isa = XCBuildConfiguration;
			buildSettings = {
				ALWAYS_SEARCH_USER_PATHS = NO;
				CLANG_ANALYZER_NONNULL = YES;
				CLANG_ANALYZER_NUMBER_OBJECT_CONVERSION = YES_AGGRESSIVE;
				CLANG_CXX_LANGUAGE_STANDARD = "gnu++14";
				CLANG_CXX_LIBRARY = "libc++";
				CLANG_ENABLE_MODULES = YES;
				CLANG_ENABLE_OBJC_ARC = YES;
				CLANG_WARN_BLOCK_CAPTURE_AUTORELEASING = YES;
				CLANG_WARN_BOOL_CONVERSION = YES;
				CLANG_WARN_COMMA = YES;
				CLANG_WARN_CONSTANT_CONVERSION = YES;
				CLANG_WARN_DIRECT_OBJC_ISA_USAGE = YES_ERROR;
				CLANG_WARN_DOCUMENTATION_COMMENTS = YES;
				CLANG_WARN_EMPTY_BODY = YES;
				CLANG_WARN_ENUM_CONVERSION = YES;
				CLANG_WARN_INFINITE_RECURSION = YES;
				CLANG_WARN_INT_CONVERSION = YES;
				CLANG_WARN_NON_LITERAL_NULL_CONVERSION = YES;
				CLANG_WARN_OBJC_LITERAL_CONVERSION = YES;
				CLANG_WARN_OBJC_ROOT_CLASS = YES_ERROR;
				CLANG_WARN_RANGE_LOOP_ANALYSIS = YES;
				CLANG_WARN_STRICT_PROTOTYPES = YES;
				CLANG_WARN_SUSPICIOUS_MOVE = YES;
				CLANG_WARN_UNGUARDED_AVAILABILITY = YES_AGGRESSIVE;
				CLANG_WARN_UNREACHABLE_CODE = YES;
				CLANG_WARN__DUPLICATE_METHOD_MATCH = YES;
				CODE_SIGN_IDENTITY = "iPhone Developer";
				COPY_PHASE_STRIP = NO;
				DEBUG_INFORMATION_FORMAT = "dwarf-with-dsym";
				ENABLE_NS_ASSERTIONS = NO;
				ENABLE_STRICT_OBJC_MSGSEND = YES;
				GCC_C_LANGUAGE_STANDARD = gnu11;
				GCC_NO_COMMON_BLOCKS = YES;
				GCC_WARN_64_TO_32_BIT_CONVERSION = YES;
				GCC_WARN_ABOUT_RETURN_TYPE = YES_ERROR;
				GCC_WARN_UNDECLARED_SELECTOR = YES;
				GCC_WARN_UNINITIALIZED_AUTOS = YES_AGGRESSIVE;
				GCC_WARN_UNUSED_FUNCTION = YES;
				GCC_WARN_UNUSED_VARIABLE = YES;
				IPHONEOS_DEPLOYMENT_TARGET = 11.2;
				MTL_ENABLE_DEBUG_INFO = NO;
				SDKROOT = iphoneos;
				SWIFT_OPTIMIZATION_LEVEL = "-Owholemodule";
				VALIDATE_PRODUCT = YES;
			};
			name = Release;
		};
		7CF1673B201BAE5900D71FDE /* Debug */ = {
			isa = XCBuildConfiguration;
			buildSettings = {
				ASSETCATALOG_COMPILER_APPICON_NAME = AppIcon;
				CODE_SIGN_STYLE = Automatic;
				DEVELOPMENT_TEAM = 5Q3CLN5Y6Q;
				INFOPLIST_FILE = PlayingWithTextFields/Info.plist;
				LD_RUNPATH_SEARCH_PATHS = "$(inherited) @executable_path/Frameworks";
				PRODUCT_BUNDLE_IDENTIFIER = FullMetalFist.PlayingWithTextFields;
				PRODUCT_NAME = "$(TARGET_NAME)";
				SWIFT_VERSION = 4.0;
				TARGETED_DEVICE_FAMILY = "1,2";
			};
			name = Debug;
		};
		7CF1673C201BAE5900D71FDE /* Release */ = {
			isa = XCBuildConfiguration;
			buildSettings = {
				ASSETCATALOG_COMPILER_APPICON_NAME = AppIcon;
				CODE_SIGN_STYLE = Automatic;
				DEVELOPMENT_TEAM = 5Q3CLN5Y6Q;
				INFOPLIST_FILE = PlayingWithTextFields/Info.plist;
				LD_RUNPATH_SEARCH_PATHS = "$(inherited) @executable_path/Frameworks";
				PRODUCT_BUNDLE_IDENTIFIER = FullMetalFist.PlayingWithTextFields;
				PRODUCT_NAME = "$(TARGET_NAME)";
				SWIFT_VERSION = 4.0;
				TARGETED_DEVICE_FAMILY = "1,2";
			};
			name = Release;
		};
/* End XCBuildConfiguration section */

/* Begin XCConfigurationList section */
		7CF16723201BAE5900D71FDE /* Build configuration list for PBXProject "PlayingWithTextFields" */ = {
			isa = XCConfigurationList;
			buildConfigurations = (
				7CF16738201BAE5900D71FDE /* Debug */,
				7CF16739201BAE5900D71FDE /* Release */,
			);
			defaultConfigurationIsVisible = 0;
			defaultConfigurationName = Release;
		};
		7CF1673A201BAE5900D71FDE /* Build configuration list for PBXNativeTarget "PlayingWithTextFields" */ = {
			isa = XCConfigurationList;
			buildConfigurations = (
				7CF1673B201BAE5900D71FDE /* Debug */,
				7CF1673C201BAE5900D71FDE /* Release */,
			);
			defaultConfigurationIsVisible = 0;
			defaultConfigurationName = Release;
		};
/* End XCConfigurationList section */
	};
	rootObject = 7CF16720201BAE5900D71FDE /* Project object */;
}
